
Microsoft Visual Studio Solution File, Format Version 12.00
# Visual Studio 15
VisualStudioVersion = 15.0.26430.12
MinimumVisualStudioVersion = 10.0.40219.1
Project("{FAE04EC0-301F-11D3-BF4B-00C04F79EFBC}") = "AchadosPerdidos.WebAPI", "AchadosPerdidos.WebAPI\AchadosPerdidos.WebAPI.csproj", "{043E056E-BDFE-430D-8B44-0DC7B8181E01}"
EndProject
Project("{FAE04EC0-301F-11D3-BF4B-00C04F79EFBC}") = "AchadosPerdidos.Business", "AchadosPerdidos.Business\AchadosPerdidos.Business.csproj", "{0757A96F-1F3F-4086-8CB4-8759B9C9E1EF}"
EndProject
Project("{FAE04EC0-301F-11D3-BF4B-00C04F79EFBC}") = "AchadosPerdidos.Data", "AchadosPerdidos.Data\AchadosPerdidos.Data.csproj", "{766672D0-C4D5-4A12-B1E6-6FE8F1121C8E}"
EndProject
Global
	GlobalSection(SolutionConfigurationPlatforms) = preSolution
		Debug|Any CPU = Debug|Any CPU
		Release|Any CPU = Release|Any CPU
	EndGlobalSection
	GlobalSection(ProjectConfigurationPlatforms) = postSolution
		{043E056E-BDFE-430D-8B44-0DC7B8181E01}.Debug|Any CPU.ActiveCfg = Debug|Any CPU
		{043E056E-BDFE-430D-8B44-0DC7B8181E01}.Debug|Any CPU.Build.0 = Debug|Any CPU
		{043E056E-BDFE-430D-8B44-0DC7B8181E01}.Release|Any CPU.ActiveCfg = Release|Any CPU
		{043E056E-BDFE-430D-8B44-0DC7B8181E01}.Release|Any CPU.Build.0 = Release|Any CPU
		{0757A96F-1F3F-4086-8CB4-8759B9C9E1EF}.Debug|Any CPU.ActiveCfg = Debug|Any CPU
		{0757A96F-1F3F-4086-8CB4-8759B9C9E1EF}.Debug|Any CPU.Build.0 = Debug|Any CPU
		{0757A96F-1F3F-4086-8CB4-8759B9C9E1EF}.Release|Any CPU.ActiveCfg = Release|Any CPU
		{0757A96F-1F3F-4086-8CB4-8759B9C9E1EF}.Release|Any CPU.Build.0 = Release|Any CPU
		{766672D0-C4D5-4A12-B1E6-6FE8F1121C8E}.Debug|Any CPU.ActiveCfg = Debug|Any CPU
		{766672D0-C4D5-4A12-B1E6-6FE8F1121C8E}.Debug|Any CPU.Build.0 = Debug|Any CPU
		{766672D0-C4D5-4A12-B1E6-6FE8F1121C8E}.Release|Any CPU.ActiveCfg = Release|Any CPU
		{766672D0-C4D5-4A12-B1E6-6FE8F1121C8E}.Release|Any CPU.Build.0 = Release|Any CPU
	EndGlobalSection
	GlobalSection(SolutionProperties) = preSolution
		HideSolutionNode = FALSE
	EndGlobalSection
EndGlobal
